# This file is generated by running "yarn install" inside your project.
# Manual changes might be lost - proceed with caution!

__metadata:
  version: 8
  cacheKey: 10c0

"@napi-rs/cli@npm:2.0.0":
  version: 2.0.0
  resolution: "@napi-rs/cli@npm:2.0.0"
  bin:
    napi: scripts/index.js
  checksum: 10c0/3c081a1dc87c6b2aee900c883b41b343a399a2a86f75abf7eb4b067ae9aadea8a04c92fc768028e81f68dc22c64670e6bb37fe4bc69481076f3c5dec6beeb497
  languageName: node
  linkType: hard

"retry@npm:^0.13.1":
  version: 0.13.1
  resolution: "retry@npm:0.13.1"
  checksum: 10c0/9ae822ee19db2163497e074ea919780b1efa00431d197c7afdb950e42bf109196774b92a49fc9821f0b8b328a98eea6017410bfc5e8a0fc19c85c6d11adb3772
  languageName: node
  linkType: hard

"root-workspace-0b6124@workspace:.":
  version: 0.0.0-use.local
  resolution: "root-workspace-0b6124@workspace:."
  dependencies:
    "@napi-rs/cli": "npm:2.0.0"
    retry: "npm:^0.13.1"
    semver: "npm:^7.7.4"
  languageName: unknown
  linkType: soft

"semver@npm:^7.7.4":
  version: 7.7.4
  resolution: "semver@npm:7.7.4"
  bin:
    semver: bin/semver.js
  checksum: 10c0/5215ad0234e2845d4ea5bb9d836d42b03499546ddafb12075566899fc617f68794bb6f146076b6881d755de17d6c6cc73372555879ec7dce2c2feee947866ad2
  languageName: node
  linkType: hard
