# THIS IS AN AUTOGENERATED FILE. DO NOT EDIT THIS FILE DIRECTLY.
# yarn lockfile v1


"@napi-rs/cli@2.0.0":
  version "2.0.0"
  resolved "https://registry.yarnpkg.com/@napi-rs/cli/-/cli-2.0.0.tgz#cf237de31548f68ad7d173279293bf24a70e5f83"
  integrity sha512-2R24dtZoPYb9TxIQJbhUSloSVK4HGfa6CVn5JgUeO9WTvZecC5i8WaFm2CC7GWbYmDlPu2AnULwaSr+AP7r1RQ==

retry@^0.13.1:
  version "0.13.1"
  resolved "https://registry.yarnpkg.com/retry/-/retry-0.13.1.tgz#185b1587acf67919d63b357349e03537b2484658"
  integrity sha512-XQBQ3I8W1Cge0Seh+6gjj03LbmRFWuoszgK9ooCpwYIrhhoO80pfq4cUkU5DkknwfOfFteRwlZ56PYOGYyFWdg==

semver@^7.8.4:
  version "7.8.4"
  resolved "https://registry.npmjs.org/semver/-/semver-7.8.4.tgz#c73eceebae0616934be8dff28a7fd70757c8e696"
  integrity sha512-rUCObTnP32Q08R2uuIrt7r9PlEonuTmtuXYcW6s5kjdlj3xbnwe+21yXptAUYcMAABLkYYTtnmzb3w3EDZfueA==
