{
  "name": "neon",
  "version": "0.1.0",
  "lockfileVersion": 3,
  "requires": true,
  "packages": {
    "": {
      "name": "neon",
      "version": "0.1.0",
      "license": "Apache-2.0",
      "dependencies": {
        "node-gyp-build": "^4.8.4"
      },
      "devDependencies": {
        "cargo-cp-artifact": "^0.1.9"
      }
    },
    "node_modules/cargo-cp-artifact": {
      "version": "0.1.9",
      "resolved": "https://registry.npmjs.org/cargo-cp-artifact/-/cargo-cp-artifact-0.1.9.tgz",
      "integrity": "sha512-6F+UYzTaGB+awsTXg0uSJA1/b/B3DDJzpKVRu0UmyI7DmNeaAl2RFHuTGIN6fEgpadRxoXGb7gbC1xo4C3IdyA==",
      "dev": true,
      "license": "MIT",
      "bin": {
        "cargo-cp-artifact": "bin/cargo-cp-artifact.js"
      }
    },
    "node_modules/node-gyp-build": {
      "version": "4.8.4",
      "resolved": "https://registry.npmjs.org/node-gyp-build/-/node-gyp-build-4.8.4.tgz",
      "integrity": "sha512-LA4ZjwlnUblHVgq0oBF3Jl/6h/Nvs5fzBLwdEF4nuxnFdsfajde4WfxtJr3CaiH+F6ewcIB/q4jQ4UzPyid+CQ==",
      "license": "MIT",
      "bin": {
        "node-gyp-build": "bin.js",
        "node-gyp-build-optional": "optional.js",
        "node-gyp-build-test": "build-test.js"
      }
    }
  }
}
