# THIS IS AN AUTOGENERATED FILE. DO NOT EDIT THIS FILE DIRECTLY.
# yarn lockfile v1


cargo-cp-artifact@^0.1.9:
  version "0.1.9"
  resolved "https://registry.yarnpkg.com/cargo-cp-artifact/-/cargo-cp-artifact-0.1.9.tgz#32264a0a48109e26c48da334daff9a1da9d9b7c8"
  integrity sha512-6F+UYzTaGB+awsTXg0uSJA1/b/B3DDJzpKVRu0UmyI7DmNeaAl2RFHuTGIN6fEgpadRxoXGb7gbC1xo4C3IdyA==

node-gyp-build@^3.9.0:
  version "3.9.0"
  resolved "https://registry.yarnpkg.com/node-gyp-build/-/node-gyp-build-3.9.0.tgz#53a350187dd4d5276750da21605d1cb681d09e25"
  integrity sha512-zLcTg6P4AbcHPq465ZMFNXx7XpKKJh+7kkN699NiQWisR2uWYOWNWqRHAmbnmKiL4e9aLSlmy5U7rEMUXV59+A==
